
Microsoft Visual Studio Solution File, Format Version 12.00
# Visual Studio 15
VisualStudioVersion = 15.0.28010.2036
MinimumVisualStudioVersion = 10.0.40219.1
Project("{FAE04EC0-301F-11D3-BF4B-00C04F79EFBC}") = "DBTest", "DBTest\DBTest.csproj", "{ECCF2894-F9E1-4A88-9DEB-70D421288A53}"
EndProject
Global
	GlobalSection(SolutionConfigurationPlatforms) = preSolution
		Debug|Any CPU = Debug|Any CPU
		Release|Any CPU = Release|Any CPU
	EndGlobalSection
	GlobalSection(ProjectConfigurationPlatforms) = postSolution
		{ECCF2894-F9E1-4A88-9DEB-70D421288A53}.Debug|Any CPU.ActiveCfg = Debug|Any CPU
		{ECCF2894-F9E1-4A88-9DEB-70D421288A53}.Debug|Any CPU.Build.0 = Debug|Any CPU
		{ECCF2894-F9E1-4A88-9DEB-70D421288A53}.Release|Any CPU.ActiveCfg = Release|Any CPU
		{ECCF2894-F9E1-4A88-9DEB-70D421288A53}.Release|Any CPU.Build.0 = Release|Any CPU
	EndGlobalSection
	GlobalSection(SolutionProperties) = preSolution
		HideSolutionNode = FALSE
	EndGlobalSection
	GlobalSection(ExtensibilityGlobals) = postSolution
		SolutionGuid = {21299AF4-9A14-45B1-8157-ABA2EA068C66}
	EndGlobalSection
EndGlobal
